// !$*UTF8*$!
{
	archiveVersion = 1;
	classes = {
	};
	objectVersion = 48;
	objects = {

/* Begin PBXBuildFile section */
		182F8337E73F83892A26FF13 /* Pods_htchhkr_development.framework in Frameworks */ = {isa = PBXBuildFile; fileRef = A647117AD9C76CB470D6C5F8 /* Pods_htchhkr_development.framework */; };
		DA0BF59F2024B1FF009BFDA9 /* UpdateService.swift in Sources */ = {isa = PBXBuildFile; fileRef = DA0BF59E2024B1FF009BFDA9 /* UpdateService.swift */; };
		DA0BF5A1202537A5009BFDA9 /* DriverAnnotation.swift in Sources */ = {isa = PBXBuildFile; fileRef = DA0BF5A0202537A5009BFDA9 /* DriverAnnotation.swift */; };
		DA42EDF520180B8E00657FA8 /* GradientView.swift in Sources */ = {isa = PBXBuildFile; fileRef = DA42EDF420180B8E00657FA8 /* GradientView.swift */; };
		DA42EDF82018189D00657FA8 /* RoundImageView.swift in Sources */ = {isa = PBXBuildFile; fileRef = DA42EDF72018189D00657FA8 /* RoundImageView.swift */; };
		DA42EDFA20181A5B00657FA8 /* RoundedShadowView.swift in Sources */ = {isa = PBXBuildFile; fileRef = DA42EDF920181A5B00657FA8 /* RoundedShadowView.swift */; };
		DA42EDFC20181BAD00657FA8 /* CircleView.swift in Sources */ = {isa = PBXBuildFile; fileRef = DA42EDFB20181BAD00657FA8 /* CircleView.swift */; };
		DA42EDFE20181F3A00657FA8 /* RoundedShadowButton.swift in Sources */ = {isa = PBXBuildFile; fileRef = DA42EDFD20181F3A00657FA8 /* RoundedShadowButton.swift */; };
		DA42EE002019548E00657FA8 /* LeftSidePanelVC.swift in Sources */ = {isa = PBXBuildFile; fileRef = DA42EDFF2019548E00657FA8 /* LeftSidePanelVC.swift */; };
		DA42EE022019551A00657FA8 /* ContainerVC.swift in Sources */ = {isa = PBXBuildFile; fileRef = DA42EE012019551A00657FA8 /* ContainerVC.swift */; };
		DA42EE0520195ECE00657FA8 /* CenterVCDelegate.swift in Sources */ = {isa = PBXBuildFile; fileRef = DA42EE0420195ECE00657FA8 /* CenterVCDelegate.swift */; };
		DA7D58C0201F77040011E04F /* UIViewExt.swift in Sources */ = {isa = PBXBuildFile; fileRef = DA7D58BF201F77040011E04F /* UIViewExt.swift */; };
		DA7D58C220203BB80011E04F /* LoginVC.swift in Sources */ = {isa = PBXBuildFile; fileRef = DA7D58C120203BB80011E04F /* LoginVC.swift */; };
		DA7D58C42020BDDD0011E04F /* RoundedCornerTextField.swift in Sources */ = {isa = PBXBuildFile; fileRef = DA7D58C32020BDDD0011E04F /* RoundedCornerTextField.swift */; };
		DA7D58C620218BB90011E04F /* GoogleService-Info.plist in Resources */ = {isa = PBXBuildFile; fileRef = DA7D58C520218BB90011E04F /* GoogleService-Info.plist */; };
		DA7D58C920218DCF0011E04F /* DataService.swift in Sources */ = {isa = PBXBuildFile; fileRef = DA7D58C820218DCF0011E04F /* DataService.swift */; };
		DABD3F682017FA500051DE42 /* AppDelegate.swift in Sources */ = {isa = PBXBuildFile; fileRef = DABD3F672017FA500051DE42 /* AppDelegate.swift */; };
		DABD3F6A2017FA500051DE42 /* HomeVC.swift in Sources */ = {isa = PBXBuildFile; fileRef = DABD3F692017FA500051DE42 /* HomeVC.swift */; };
		DABD3F6D2017FA500051DE42 /* Main.storyboard in Resources */ = {isa = PBXBuildFile; fileRef = DABD3F6B2017FA500051DE42 /* Main.storyboard */; };
		DABD3F6F2017FA500051DE42 /* Assets.xcassets in Resources */ = {isa = PBXBuildFile; fileRef = DABD3F6E2017FA500051DE42 /* Assets.xcassets */; };
		DABD3F722017FA500051DE42 /* LaunchScreen.storyboard in Resources */ = {isa = PBXBuildFile; fileRef = DABD3F702017FA500051DE42 /* LaunchScreen.storyboard */; };
/* End PBXBuildFile section */

/* Begin PBXFileReference section */
		A647117AD9C76CB470D6C5F8 /* Pods_htchhkr_development.framework */ = {isa = PBXFileReference; explicitFileType = wrapper.framework; includeInIndex = 0; path = Pods_htchhkr_development.framework; sourceTree = BUILT_PRODUCTS_DIR; };
		A89B1F11C5597277E6BE736D /* Pods-htchhkr-development.debug.xcconfig */ = {isa = PBXFileReference; includeInIndex = 1; lastKnownFileType = text.xcconfig; name = "Pods-htchhkr-development.debug.xcconfig"; path = "Pods/Target Support Files/Pods-htchhkr-development/Pods-htchhkr-development.debug.xcconfig"; sourceTree = "<group>"; };
		DA0BF59E2024B1FF009BFDA9 /* UpdateService.swift */ = {isa = PBXFileReference; lastKnownFileType = sourcecode.swift; path = UpdateService.swift; sourceTree = "<group>"; };
		DA0BF5A0202537A5009BFDA9 /* DriverAnnotation.swift */ = {isa = PBXFileReference; lastKnownFileType = sourcecode.swift; path = DriverAnnotation.swift; sourceTree = "<group>"; };
		DA42EDF420180B8E00657FA8 /* GradientView.swift */ = {isa = PBXFileReference; lastKnownFileType = sourcecode.swift; path = GradientView.swift; sourceTree = "<group>"; };
		DA42EDF72018189D00657FA8 /* RoundImageView.swift */ = {isa = PBXFileReference; lastKnownFileType = sourcecode.swift; path = RoundImageView.swift; sourceTree = "<group>"; };
		DA42EDF920181A5B00657FA8 /* RoundedShadowView.swift */ = {isa = PBXFileReference; lastKnownFileType = sourcecode.swift; path = RoundedShadowView.swift; sourceTree = "<group>"; };
		DA42EDFB20181BAD00657FA8 /* CircleView.swift */ = {isa = PBXFileReference; lastKnownFileType = sourcecode.swift; path = CircleView.swift; sourceTree = "<group>"; };
		DA42EDFD20181F3A00657FA8 /* RoundedShadowButton.swift */ = {isa = PBXFileReference; lastKnownFileType = sourcecode.swift; path = RoundedShadowButton.swift; sourceTree = "<group>"; };
		DA42EDFF2019548E00657FA8 /* LeftSidePanelVC.swift */ = {isa = PBXFileReference; lastKnownFileType = sourcecode.swift; path = LeftSidePanelVC.swift; sourceTree = "<group>"; };
		DA42EE012019551A00657FA8 /* ContainerVC.swift */ = {isa = PBXFileReference; lastKnownFileType = sourcecode.swift; path = ContainerVC.swift; sourceTree = "<group>"; };
		DA42EE0420195ECE00657FA8 /* CenterVCDelegate.swift */ = {isa = PBXFileReference; lastKnownFileType = sourcecode.swift; path = CenterVCDelegate.swift; sourceTree = "<group>"; };
		DA7D58BF201F77040011E04F /* UIViewExt.swift */ = {isa = PBXFileReference; lastKnownFileType = sourcecode.swift; path = UIViewExt.swift; sourceTree = "<group>"; };
		DA7D58C120203BB80011E04F /* LoginVC.swift */ = {isa = PBXFileReference; lastKnownFileType = sourcecode.swift; path = LoginVC.swift; sourceTree = "<group>"; };
		DA7D58C32020BDDD0011E04F /* RoundedCornerTextField.swift */ = {isa = PBXFileReference; lastKnownFileType = sourcecode.swift; path = RoundedCornerTextField.swift; sourceTree = "<group>"; };
		DA7D58C520218BB90011E04F /* GoogleService-Info.plist */ = {isa = PBXFileReference; fileEncoding = 4; lastKnownFileType = text.plist.xml; path = "GoogleService-Info.plist"; sourceTree = SOURCE_ROOT; };
		DA7D58C820218DCF0011E04F /* DataService.swift */ = {isa = PBXFileReference; lastKnownFileType = sourcecode.swift; path = DataService.swift; sourceTree = "<group>"; };
		DABD3F642017FA500051DE42 /* htchhkr-development.app */ = {isa = PBXFileReference; explicitFileType = wrapper.application; includeInIndex = 0; path = "htchhkr-development.app"; sourceTree = BUILT_PRODUCTS_DIR; };
		DABD3F672017FA500051DE42 /* AppDelegate.swift */ = {isa = PBXFileReference; lastKnownFileType = sourcecode.swift; path = AppDelegate.swift; sourceTree = "<group>"; };
		DABD3F692017FA500051DE42 /* HomeVC.swift */ = {isa = PBXFileReference; lastKnownFileType = sourcecode.swift; path = HomeVC.swift; sourceTree = "<group>"; };
		DABD3F6C2017FA500051DE42 /* Base */ = {isa = PBXFileReference; lastKnownFileType = file.storyboard; name = Base; path = Base.lproj/Main.storyboard; sourceTree = "<group>"; };
		DABD3F6E2017FA500051DE42 /* Assets.xcassets */ = {isa = PBXFileReference; lastKnownFileType = folder.assetcatalog; path = Assets.xcassets; sourceTree = "<group>"; };
		DABD3F712017FA500051DE42 /* Base */ = {isa = PBXFileReference; lastKnownFileType = file.storyboard; name = Base; path = Base.lproj/LaunchScreen.storyboard; sourceTree = "<group>"; };
		DABD3F732017FA500051DE42 /* Info.plist */ = {isa = PBXFileReference; lastKnownFileType = text.plist.xml; path = Info.plist; sourceTree = "<group>"; };
		E48455B7FD800145264AFBAA /* Pods-htchhkr-development.release.xcconfig */ = {isa = PBXFileReference; includeInIndex = 1; lastKnownFileType = text.xcconfig; name = "Pods-htchhkr-development.release.xcconfig"; path = "Pods/Target Support Files/Pods-htchhkr-development/Pods-htchhkr-development.release.xcconfig"; sourceTree = "<group>"; };
/* End PBXFileReference section */

/* Begin PBXFrameworksBuildPhase section */
		DABD3F612017FA500051DE42 /* Frameworks */ = {
			isa = PBXFrameworksBuildPhase;
			buildActionMask = 2147483647;
			files = (
				182F8337E73F83892A26FF13 /* Pods_htchhkr_development.framework in Frameworks */,
			);
			runOnlyForDeploymentPostprocessing = 0;
		};
/* End PBXFrameworksBuildPhase section */

/* Begin PBXGroup section */
		0F396DD89A7FFAC063B4A1E8 /* Pods */ = {
			isa = PBXGroup;
			children = (
				A89B1F11C5597277E6BE736D /* Pods-htchhkr-development.debug.xcconfig */,
				E48455B7FD800145264AFBAA /* Pods-htchhkr-development.release.xcconfig */,
			);
			name = Pods;
			sourceTree = "<group>";
		};
		93AEAF7988A7B195C1E816B5 /* Frameworks */ = {
			isa = PBXGroup;
			children = (
				A647117AD9C76CB470D6C5F8 /* Pods_htchhkr_development.framework */,
			);
			name = Frameworks;
			sourceTree = "<group>";
		};
		DA42EDF020180B2F00657FA8 /* Model */ = {
			isa = PBXGroup;
			children = (
			);
			path = Model;
			sourceTree = "<group>";
		};
		DA42EDF120180B3600657FA8 /* View */ = {
			isa = PBXGroup;
			children = (
				DA42EDF420180B8E00657FA8 /* GradientView.swift */,
				DA42EDF72018189D00657FA8 /* RoundImageView.swift */,
				DA42EDF920181A5B00657FA8 /* RoundedShadowView.swift */,
				DA42EDFB20181BAD00657FA8 /* CircleView.swift */,
				DA42EDFD20181F3A00657FA8 /* RoundedShadowButton.swift */,
				DA7D58C32020BDDD0011E04F /* RoundedCornerTextField.swift */,
				DA0BF5A0202537A5009BFDA9 /* DriverAnnotation.swift */,
			);
			path = View;
			sourceTree = "<group>";
		};
		DA42EDF220180B3B00657FA8 /* Controller */ = {
			isa = PBXGroup;
			children = (
				DABD3F692017FA500051DE42 /* HomeVC.swift */,
				DA42EDFF2019548E00657FA8 /* LeftSidePanelVC.swift */,
				DA42EE012019551A00657FA8 /* ContainerVC.swift */,
				DA7D58C120203BB80011E04F /* LoginVC.swift */,
			);
			path = Controller;
			sourceTree = "<group>";
		};
		DA42EE0320195EA400657FA8 /* Protocols */ = {
			isa = PBXGroup;
			children = (
				DA42EE0420195ECE00657FA8 /* CenterVCDelegate.swift */,
			);
			path = Protocols;
			sourceTree = "<group>";
		};
		DA7D58BE201F76EB0011E04F /* Extensions */ = {
			isa = PBXGroup;
			children = (
				DA7D58BF201F77040011E04F /* UIViewExt.swift */,
			);
			path = Extensions;
			sourceTree = "<group>";
		};
		DA7D58C720218DBB0011E04F /* Services */ = {
			isa = PBXGroup;
			children = (
				DA7D58C820218DCF0011E04F /* DataService.swift */,
				DA0BF59E2024B1FF009BFDA9 /* UpdateService.swift */,
			);
			path = Services;
			sourceTree = "<group>";
		};
		DABD3F5B2017FA500051DE42 = {
			isa = PBXGroup;
			children = (
				DABD3F662017FA500051DE42 /* htchhkr-development */,
				DABD3F652017FA500051DE42 /* Products */,
				0F396DD89A7FFAC063B4A1E8 /* Pods */,
				93AEAF7988A7B195C1E816B5 /* Frameworks */,
			);
			sourceTree = "<group>";
		};
		DABD3F652017FA500051DE42 /* Products */ = {
			isa = PBXGroup;
			children = (
				DABD3F642017FA500051DE42 /* htchhkr-development.app */,
			);
			name = Products;
			sourceTree = "<group>";
		};
		DABD3F662017FA500051DE42 /* htchhkr-development */ = {
			isa = PBXGroup;
			children = (
				DA7D58C720218DBB0011E04F /* Services */,
				DA7D58BE201F76EB0011E04F /* Extensions */,
				DA42EE0320195EA400657FA8 /* Protocols */,
				DA42EDF020180B2F00657FA8 /* Model */,
				DA42EDF120180B3600657FA8 /* View */,
				DA42EDF220180B3B00657FA8 /* Controller */,
				DABD3F672017FA500051DE42 /* AppDelegate.swift */,
				DABD3F6B2017FA500051DE42 /* Main.storyboard */,
				DABD3F6E2017FA500051DE42 /* Assets.xcassets */,
				DABD3F702017FA500051DE42 /* LaunchScreen.storyboard */,
				DA7D58C520218BB90011E04F /* GoogleService-Info.plist */,
				DABD3F732017FA500051DE42 /* Info.plist */,
			);
			path = "htchhkr-development";
			sourceTree = "<group>";
		};
/* End PBXGroup section */

/* Begin PBXNativeTarget section */
		DABD3F632017FA500051DE42 /* htchhkr-development */ = {
			isa = PBXNativeTarget;
			buildConfigurationList = DABD3F762017FA500051DE42 /* Build configuration list for PBXNativeTarget "htchhkr-development" */;
			buildPhases = (
				9EDC12E1F9D450EBE295991A /* [CP] Check Pods Manifest.lock */,
				DABD3F602017FA500051DE42 /* Sources */,
				DABD3F612017FA500051DE42 /* Frameworks */,
				DABD3F622017FA500051DE42 /* Resources */,
				64ACB04CBF6AED25E03CA1ED /* [CP] Embed Pods Frameworks */,
				FF8ED68422C256ECBCFB6960 /* [CP] Copy Pods Resources */,
			);
			buildRules = (
			);
			dependencies = (
			);
			name = "htchhkr-development";
			productName = "htchhkr-development";
			productReference = DABD3F642017FA500051DE42 /* htchhkr-development.app */;
			productType = "com.apple.product-type.application";
		};
/* End PBXNativeTarget section */

/* Begin PBXProject section */
		DABD3F5C2017FA500051DE42 /* Project object */ = {
			isa = PBXProject;
			attributes = {
				LastSwiftUpdateCheck = 0920;
				LastUpgradeCheck = 0920;
				ORGANIZATIONNAME = "Andrew Jenson";
				TargetAttributes = {
					DABD3F632017FA500051DE42 = {
						CreatedOnToolsVersion = 9.2;
						ProvisioningStyle = Automatic;
					};
				};
			};
			buildConfigurationList = DABD3F5F2017FA500051DE42 /* Build configuration list for PBXProject "htchhkr-development" */;
			compatibilityVersion = "Xcode 8.0";
			developmentRegion = en;
			hasScannedForEncodings = 0;
			knownRegions = (
				en,
				Base,
			);
			mainGroup = DABD3F5B2017FA500051DE42;
			productRefGroup = DABD3F652017FA500051DE42 /* Products */;
			projectDirPath = "";
			projectRoot = "";
			targets = (
				DABD3F632017FA500051DE42 /* htchhkr-development */,
			);
		};
/* End PBXProject section */

/* Begin PBXResourcesBuildPhase section */
		DABD3F622017FA500051DE42 /* Resources */ = {
			isa = PBXResourcesBuildPhase;
			buildActionMask = 2147483647;
			files = (
				DABD3F722017FA500051DE42 /* LaunchScreen.storyboard in Resources */,
				DA7D58C620218BB90011E04F /* GoogleService-Info.plist in Resources */,
				DABD3F6F2017FA500051DE42 /* Assets.xcassets in Resources */,
				DABD3F6D2017FA500051DE42 /* Main.storyboard in Resources */,
			);
			runOnlyForDeploymentPostprocessing = 0;
		};
/* End PBXResourcesBuildPhase section */

/* Begin PBXShellScriptBuildPhase section */
		64ACB04CBF6AED25E03CA1ED /* [CP] Embed Pods Frameworks */ = {
			isa = PBXShellScriptBuildPhase;
			buildActionMask = 2147483647;
			files = (
			);
			inputPaths = (
				"${SRCROOT}/Pods/Target Support Files/Pods-htchhkr-development/Pods-htchhkr-development-frameworks.sh",
				"${BUILT_PRODUCTS_DIR}/GTMSessionFetcher/GTMSessionFetcher.framework",
				"${BUILT_PRODUCTS_DIR}/GoogleToolboxForMac/GoogleToolboxForMac.framework",
				"${BUILT_PRODUCTS_DIR}/RevealingSplashView/RevealingSplashView.framework",
				"${BUILT_PRODUCTS_DIR}/leveldb-library/leveldb.framework",
				"${BUILT_PRODUCTS_DIR}/nanopb/nanopb.framework",
			);
			name = "[CP] Embed Pods Frameworks";
			outputPaths = (
				"${TARGET_BUILD_DIR}/${FRAMEWORKS_FOLDER_PATH}/GTMSessionFetcher.framework",
				"${TARGET_BUILD_DIR}/${FRAMEWORKS_FOLDER_PATH}/GoogleToolboxForMac.framework",
				"${TARGET_BUILD_DIR}/${FRAMEWORKS_FOLDER_PATH}/RevealingSplashView.framework",
				"${TARGET_BUILD_DIR}/${FRAMEWORKS_FOLDER_PATH}/leveldb.framework",
				"${TARGET_BUILD_DIR}/${FRAMEWORKS_FOLDER_PATH}/nanopb.framework",
			);
			runOnlyForDeploymentPostprocessing = 0;
			shellPath = /bin/sh;
			shellScript = "\"${SRCROOT}/Pods/Target Support Files/Pods-htchhkr-development/Pods-htchhkr-development-frameworks.sh\"\n";
			showEnvVarsInLog = 0;
		};
		9EDC12E1F9D450EBE295991A /* [CP] Check Pods Manifest.lock */ = {
			isa = PBXShellScriptBuildPhase;
			buildActionMask = 2147483647;
			files = (
			);
			inputPaths = (
				"${PODS_PODFILE_DIR_PATH}/Podfile.lock",
				"${PODS_ROOT}/Manifest.lock",
			);
			name = "[CP] Check Pods Manifest.lock";
			outputPaths = (
				"$(DERIVED_FILE_DIR)/Pods-htchhkr-development-checkManifestLockResult.txt",
			);
			runOnlyForDeploymentPostprocessing = 0;
			shellPath = /bin/sh;
			shellScript = "diff \"${PODS_PODFILE_DIR_PATH}/Podfile.lock\" \"${PODS_ROOT}/Manifest.lock\" > /dev/null\nif [ $? != 0 ] ; then\n    # print error to STDERR\n    echo \"error: The sandbox is not in sync with the Podfile.lock. Run 'pod install' or update your CocoaPods installation.\" >&2\n    exit 1\nfi\n# This output is used by Xcode 'outputs' to avoid re-running this script phase.\necho \"SUCCESS\" > \"${SCRIPT_OUTPUT_FILE_0}\"\n";
			showEnvVarsInLog = 0;
		};
		FF8ED68422C256ECBCFB6960 /* [CP] Copy Pods Resources */ = {
			isa = PBXShellScriptBuildPhase;
			buildActionMask = 2147483647;
			files = (
			);
			inputPaths = (
			);
			name = "[CP] Copy Pods Resources";
			outputPaths = (
			);
			runOnlyForDeploymentPostprocessing = 0;
			shellPath = /bin/sh;
			shellScript = "\"${SRCROOT}/Pods/Target Support Files/Pods-htchhkr-development/Pods-htchhkr-development-resources.sh\"\n";
			showEnvVarsInLog = 0;
		};
/* End PBXShellScriptBuildPhase section */

/* Begin PBXSourcesBuildPhase section */
		DABD3F602017FA500051DE42 /* Sources */ = {
			isa = PBXSourcesBuildPhase;
			buildActionMask = 2147483647;
			files = (
				DA42EE0520195ECE00657FA8 /* CenterVCDelegate.swift in Sources */,
				DA7D58C920218DCF0011E04F /* DataService.swift in Sources */,
				DA42EDFE20181F3A00657FA8 /* RoundedShadowButton.swift in Sources */,
				DA7D58C220203BB80011E04F /* LoginVC.swift in Sources */,
				DA42EE002019548E00657FA8 /* LeftSidePanelVC.swift in Sources */,
				DA42EDFC20181BAD00657FA8 /* CircleView.swift in Sources */,
				DA42EE022019551A00657FA8 /* ContainerVC.swift in Sources */,
				DA7D58C0201F77040011E04F /* UIViewExt.swift in Sources */,
				DA0BF5A1202537A5009BFDA9 /* DriverAnnotation.swift in Sources */,
				DABD3F6A2017FA500051DE42 /* HomeVC.swift in Sources */,
				DA0BF59F2024B1FF009BFDA9 /* UpdateService.swift in Sources */,
				DA42EDF82018189D00657FA8 /* RoundImageView.swift in Sources */,
				DA42EDFA20181A5B00657FA8 /* RoundedShadowView.swift in Sources */,
				DA7D58C42020BDDD0011E04F /* RoundedCornerTextField.swift in Sources */,
				DABD3F682017FA500051DE42 /* AppDelegate.swift in Sources */,
				DA42EDF520180B8E00657FA8 /* GradientView.swift in Sources */,
			);
			runOnlyForDeploymentPostprocessing = 0;
		};
/* End PBXSourcesBuildPhase section */

/* Begin PBXVariantGroup section */
		DABD3F6B2017FA500051DE42 /* Main.storyboard */ = {
			isa = PBXVariantGroup;
			children = (
				DABD3F6C2017FA500051DE42 /* Base */,
			);
			name = Main.storyboard;
			sourceTree = "<group>";
		};
		DABD3F702017FA500051DE42 /* LaunchScreen.storyboard */ = {
			isa = PBXVariantGroup;
			children = (
				DABD3F712017FA500051DE42 /* Base */,
			);
			name = LaunchScreen.storyboard;
			sourceTree = "<group>";
		};
/* End PBXVariantGroup section */

/* Begin XCBuildConfiguration section */
		DABD3F742017FA500051DE42 /* Debug */ = {
			isa = XCBuildConfiguration;
			buildSettings = {
				ALWAYS_SEARCH_USER_PATHS = NO;
				CLANG_ANALYZER_NONNULL = YES;
				CLANG_ANALYZER_NUMBER_OBJECT_CONVERSION = YES_AGGRESSIVE;
				CLANG_CXX_LANGUAGE_STANDARD = "gnu++14";
				CLANG_CXX_LIBRARY = "libc++";
				CLANG_ENABLE_MODULES = YES;
				CLANG_ENABLE_OBJC_ARC = YES;
				CLANG_WARN_BLOCK_CAPTURE_AUTORELEASING = YES;
				CLANG_WARN_BOOL_CONVERSION = YES;
				CLANG_WARN_COMMA = YES;
				CLANG_WARN_CONSTANT_CONVERSION = YES;
				CLANG_WARN_DIRECT_OBJC_ISA_USAGE = YES_ERROR;
				CLANG_WARN_DOCUMENTATION_COMMENTS = YES;
				CLANG_WARN_EMPTY_BODY = YES;
				CLANG_WARN_ENUM_CONVERSION = YES;
				CLANG_WARN_INFINITE_RECURSION = YES;
				CLANG_WARN_INT_CONVERSION = YES;
				CLANG_WARN_NON_LITERAL_NULL_CONVERSION = YES;
				CLANG_WARN_OBJC_LITERAL_CONVERSION = YES;
				CLANG_WARN_OBJC_ROOT_CLASS = YES_ERROR;
				CLANG_WARN_RANGE_LOOP_ANALYSIS = YES;
				CLANG_WARN_STRICT_PROTOTYPES = YES;
				CLANG_WARN_SUSPICIOUS_MOVE = YES;
				CLANG_WARN_UNGUARDED_AVAILABILITY = YES_AGGRESSIVE;
				CLANG_WARN_UNREACHABLE_CODE = YES;
				CLANG_WARN__DUPLICATE_METHOD_MATCH = YES;
				CODE_SIGN_IDENTITY = "iPhone Developer";
				COPY_PHASE_STRIP = NO;
				DEBUG_INFORMATION_FORMAT = dwarf;
				ENABLE_STRICT_OBJC_MSGSEND = YES;
				ENABLE_TESTABILITY = YES;
				GCC_C_LANGUAGE_STANDARD = gnu11;
				GCC_DYNAMIC_NO_PIC = NO;
				GCC_NO_COMMON_BLOCKS = YES;
				GCC_OPTIMIZATION_LEVEL = 0;
				GCC_PREPROCESSOR_DEFINITIONS = (
					"DEBUG=1",
					"$(inherited)",
				);
				GCC_WARN_64_TO_32_BIT_CONVERSION = YES;
				GCC_WARN_ABOUT_RETURN_TYPE = YES_ERROR;
				GCC_WARN_UNDECLARED_SELECTOR = YES;
				GCC_WARN_UNINITIALIZED_AUTOS = YES_AGGRESSIVE;
				GCC_WARN_UNUSED_FUNCTION = YES;
				GCC_WARN_UNUSED_VARIABLE = YES;
				IPHONEOS_DEPLOYMENT_TARGET = 11.2;
				MTL_ENABLE_DEBUG_INFO = YES;
				ONLY_ACTIVE_ARCH = YES;
				SDKROOT = iphoneos;
				SWIFT_ACTIVE_COMPILATION_CONDITIONS = DEBUG;
				SWIFT_OPTIMIZATION_LEVEL = "-Onone";
			};
			name = Debug;
		};
		DABD3F752017FA500051DE42 /* Release */ = {
			isa = XCBuildConfiguration;
			buildSettings = {
				ALWAYS_SEARCH_USER_PATHS = NO;
				CLANG_ANALYZER_NONNULL = YES;
				CLANG_ANALYZER_NUMBER_OBJECT_CONVERSION = YES_AGGRESSIVE;
				CLANG_CXX_LANGUAGE_STANDARD = "gnu++14";
				CLANG_CXX_LIBRARY = "libc++";
				CLANG_ENABLE_MODULES = YES;
				CLANG_ENABLE_OBJC_ARC = YES;
				CLANG_WARN_BLOCK_CAPTURE_AUTORELEASING = YES;
				CLANG_WARN_BOOL_CONVERSION = YES;
				CLANG_WARN_COMMA = YES;
				CLANG_WARN_CONSTANT_CONVERSION = YES;
				CLANG_WARN_DIRECT_OBJC_ISA_USAGE = YES_ERROR;
				CLANG_WARN_DOCUMENTATION_COMMENTS = YES;
				CLANG_WARN_EMPTY_BODY = YES;
				CLANG_WARN_ENUM_CONVERSION = YES;
				CLANG_WARN_INFINITE_RECURSION = YES;
				CLANG_WARN_INT_CONVERSION = YES;
				CLANG_WARN_NON_LITERAL_NULL_CONVERSION = YES;
				CLANG_WARN_OBJC_LITERAL_CONVERSION = YES;
				CLANG_WARN_OBJC_ROOT_CLASS = YES_ERROR;
				CLANG_WARN_RANGE_LOOP_ANALYSIS = YES;
				CLANG_WARN_STRICT_PROTOTYPES = YES;
				CLANG_WARN_SUSPICIOUS_MOVE = YES;
				CLANG_WARN_UNGUARDED_AVAILABILITY = YES_AGGRESSIVE;
				CLANG_WARN_UNREACHABLE_CODE = YES;
				CLANG_WARN__DUPLICATE_METHOD_MATCH = YES;
				CODE_SIGN_IDENTITY = "iPhone Developer";
				COPY_PHASE_STRIP = NO;
				DEBUG_INFORMATION_FORMAT = "dwarf-with-dsym";
				ENABLE_NS_ASSERTIONS = NO;
				ENABLE_STRICT_OBJC_MSGSEND = YES;
				GCC_C_LANGUAGE_STANDARD = gnu11;
				GCC_NO_COMMON_BLOCKS = YES;
				GCC_WARN_64_TO_32_BIT_CONVERSION = YES;
				GCC_WARN_ABOUT_RETURN_TYPE = YES_ERROR;
				GCC_WARN_UNDECLARED_SELECTOR = YES;
				GCC_WARN_UNINITIALIZED_AUTOS = YES_AGGRESSIVE;
				GCC_WARN_UNUSED_FUNCTION = YES;
				GCC_WARN_UNUSED_VARIABLE = YES;
				IPHONEOS_DEPLOYMENT_TARGET = 11.2;
				MTL_ENABLE_DEBUG_INFO = NO;
				SDKROOT = iphoneos;
				SWIFT_OPTIMIZATION_LEVEL = "-Owholemodule";
				VALIDATE_PRODUCT = YES;
			};
			name = Release;
		};
		DABD3F772017FA500051DE42 /* Debug */ = {
			isa = XCBuildConfiguration;
			baseConfigurationReference = A89B1F11C5597277E6BE736D /* Pods-htchhkr-development.debug.xcconfig */;
			buildSettings = {
				ASSETCATALOG_COMPILER_APPICON_NAME = AppIcon;
				CODE_SIGN_STYLE = Automatic;
				DEVELOPMENT_TEAM = 4N25H97F3B;
				INFOPLIST_FILE = "htchhkr-development/Info.plist";
				LD_RUNPATH_SEARCH_PATHS = "$(inherited) @executable_path/Frameworks";
				PRODUCT_BUNDLE_IDENTIFIER = "AndrewJenson.htchhkr-development";
				PRODUCT_NAME = "$(TARGET_NAME)";
				SWIFT_VERSION = 4.0;
				TARGETED_DEVICE_FAMILY = "1,2";
			};
			name = Debug;
		};
		DABD3F782017FA500051DE42 /* Release */ = {
			isa = XCBuildConfiguration;
			baseConfigurationReference = E48455B7FD800145264AFBAA /* Pods-htchhkr-development.release.xcconfig */;
			buildSettings = {
				ASSETCATALOG_COMPILER_APPICON_NAME = AppIcon;
				CODE_SIGN_STYLE = Automatic;
				DEVELOPMENT_TEAM = 4N25H97F3B;
				INFOPLIST_FILE = "htchhkr-development/Info.plist";
				LD_RUNPATH_SEARCH_PATHS = "$(inherited) @executable_path/Frameworks";
				PRODUCT_BUNDLE_IDENTIFIER = "AndrewJenson.htchhkr-development";
				PRODUCT_NAME = "$(TARGET_NAME)";
				SWIFT_VERSION = 4.0;
				TARGETED_DEVICE_FAMILY = "1,2";
			};
			name = Release;
		};
/* End XCBuildConfiguration section */

/* Begin XCConfigurationList section */
		DABD3F5F2017FA500051DE42 /* Build configuration list for PBXProject "htchhkr-development" */ = {
			isa = XCConfigurationList;
			buildConfigurations = (
				DABD3F742017FA500051DE42 /* Debug */,
				DABD3F752017FA500051DE42 /* Release */,
			);
			defaultConfigurationIsVisible = 0;
			defaultConfigurationName = Release;
		};
		DABD3F762017FA500051DE42 /* Build configuration list for PBXNativeTarget "htchhkr-development" */ = {
			isa = XCConfigurationList;
			buildConfigurations = (
				DABD3F772017FA500051DE42 /* Debug */,
				DABD3F782017FA500051DE42 /* Release */,
			);
			defaultConfigurationIsVisible = 0;
			defaultConfigurationName = Release;
		};
/* End XCConfigurationList section */
	};
	rootObject = DABD3F5C2017FA500051DE42 /* Project object */;
}
